<Solution>
  <Folder Name="/Solution Items/">
    <File Path=".editorconfig" />
    <File Path="CLAUDE.md" />
    <File Path="Directory.Build.props" />
    <File Path="Directory.Packages.props" />
    <File Path="docker-compose-api-dev.yml" />
    <File Path="docker-compose.yml" />
    <File Path="README.md" />
  </Folder>
  <Folder Name="/apps/" />
  <Folder Name="/apps/api/">
    <Project Path="apps/api/Api.csproj" />
  </Folder>
  <Folder Name="/apps/cli/">
    <Project Path="apps/cli/Cli.csproj" />
  </Folder>
  <Folder Name="/apps/share-cli/">
    <Project Path="apps/share-cli/Share.Cli.csproj" />
  </Folder>
  <Folder Name="/api-libs/">
    <Project Path="api-libs/application/Application.csproj" />
    <Project Path="api-libs/domain/Domain.csproj" />
    <Project Path="api-libs/infrastructure/Infrastructure.csproj" />
  </Folder>
  <Folder Name="/cli-libs/">
    <Project Path="cli-libs/api-types/Share.Api.Types.csproj" />
    <Project Path="cli-libs/application/Share.Application.csproj" />
    <Project Path="cli-libs/domain/Share.Domain.csproj" />
    <Project Path="cli-libs/infrastructure/Share.Infrastructure.csproj" />
  </Folder>
  <Folder Name="/shared-libs/">
    <Project Path="shared-libs/shared-kernal/SharedKernel.csproj" />
  </Folder>
  <Folder Name="/api-tests/">
    <Project Path="api-tests\application-unit-tests\Application.UnitTests.csproj" />
    <Project Path="api-tests\application-integration-tests\Application.IntegrationTests.csproj" />
  </Folder>
  <Folder Name="/cli-tests/">
    <Project Path="cli-tests\application-unit-tests\Share.Application.UnitTests.csproj" />
    <Project Path="cli-tests\infrastructure-unit-tests\Share.Infrastructure.UnitTests.csproj" />
  </Folder>
</Solution>
