<Solution>
  <Folder Name="/Solution Items/">
    <File Path=".editorconfig" />
    <File Path="CLAUDE.md" />
    <File Path="Directory.Build.props" />
    <File Path="Directory.Packages.props" />
    <File Path="docker-compose-api-dev.yml" />
    <File Path="docker-compose.yml" />
    <File Path="README.md" />
  </Folder>
  <Folder Name="/apps/" />
  <Folder Name="/apps/api/">
    <Project Path="apps/api/Api.csproj" />
  </Folder>
  <Folder Name="/apps/app-image/">
    <Project Path="apps/app-image/AppImage.Host.csproj" />
  </Folder>
  <Folder Name="/apps/cli/">
    <Project Path="apps/cli/Cli.csproj" />
  </Folder>
  <Folder Name="/apps/share-cli/">
    <Project Path="apps/share-cli/Share.Cli.csproj" />
  </Folder>
  <Folder Name="/libs/api/">
    <Project Path="libs/api/application/Application.csproj" />
    <Project Path="libs/api/domain/Domain.csproj" />
    <Project Path="libs/api/infrastructure/Infrastructure.csproj" />
  </Folder>
  <Folder Name="/libs/share-cli/">
    <Project Path="libs/share-cli/api-types/Share.Api.Types.csproj" />
    <Project Path="libs/share-cli/application/Share.Application.csproj" />
    <Project Path="libs/share-cli/domain/Share.Domain.csproj" />
    <Project Path="libs/share-cli/infrastructure/Share.Infrastructure.csproj" />
  </Folder>
  <Folder Name="/libs/shared/">
    <Project Path="libs/shared/shared-kernal/SharedKernel.csproj" />
  </Folder>
  <Folder Name="/tests/api/">
    <Project Path="tests/api/application-unit-tests\Application.UnitTests.csproj" />
    <Project Path="tests/api/application-integration-tests\Application.IntegrationTests.csproj" />
  </Folder>
  <Folder Name="/tests/share-cli/">
    <Project Path="tests/share-cli/application-unit-tests\Share.Application.UnitTests.csproj" />
    <Project Path="tests/share-cli/infrastructure-unit-tests\Share.Infrastructure.UnitTests.csproj" />
  </Folder>
</Solution>
